PODS:
  - BVLinearGradient (2.4.2):
    - React
  - React (0.56.0):
    - React/Core (= 0.56.0)
  - react-native-blur (0.8.0):
    - React
  - React/Core (0.56.0):
    - yoga (= 0.56.0.React)
  - React/RCTImage (0.56.0):
    - React/Core
    - React/RCTNetwork
  - React/RCTNetwork (0.56.0):
    - React/Core
  - rn-fetch-blob (0.10.6):
    - React/Core
  - RNSVG (7.2.0):
    - React
  - yoga (0.56.0.React)

DEPENDENCIES:
  - BVLinearGradient (from `../node_modules/react-native-linear-gradient`)
  - react-native-blur (from `../node_modules/react-native-blur`)
  - React/RCTImage (from `../node_modules/react-native`)
  - rn-fetch-blob (from `../node_modules/rn-fetch-blob`)
  - RNSVG (from `../node_modules/react-native-svg`)
  - yoga (from `../node_modules/react-native/ReactCommon/yoga`)

EXTERNAL SOURCES:
  BVLinearGradient:
    :path: "../node_modules/react-native-linear-gradient"
  React:
    :path: "../node_modules/react-native"
  react-native-blur:
    :path: "../node_modules/react-native-blur"
  rn-fetch-blob:
    :path: "../node_modules/rn-fetch-blob"
  RNSVG:
    :path: "../node_modules/react-native-svg"
  yoga:
    :path: "../node_modules/react-native/ReactCommon/yoga"

SPEC CHECKSUMS:
  BVLinearGradient: 6d8909e3fc6b089defa4b89d967441fa6827a2ee
  React: 1fe0eb13d90b625d94c3b117c274dcfd2e760e11
  react-native-blur: c35c1f6c2c76db7108bde7ed343bd2b01d64e0c0
  rn-fetch-blob: 76a8f798dae965bbcd146a2438f2e1d381c91ae3
  RNSVG: 6252323c0312735f0af5f58b5adf2965b6a9ffbf
  yoga: b1ce48b6cf950b98deae82838f5173ea7cf89e85

PODFILE CHECKSUM: d6675cf8becd417093d17d6704912e0aef7fdba7

COCOAPODS: 1.5.3
